{
  "name": "liquidx-googlephotos-data",
  "version": "1.0.0",
  "lockfileVersion": 2,
  "requires": true,
  "packages": {
    "": {
      "version": "1.0.0",
      "license": "ISC",
      "dependencies": {
        "liquidx-gapi-auth": "file:../liquidx-gapi-auth"
      }
    },
    "node_modules/liquidx-gapi-auth": {
      "resolved": "../liquidx-gapi-auth",
      "link": true
    }
  },
  "dependencies": {
    "liquidx-gapi-auth": {
      "version": "1.0.0"
    }
  }
}
